
Microsoft Visual Studio Solution File, Format Version 12.00
Project("{FAE04EC0-301F-11D3-BF4B-00C04F79EFBC}") = "RegexMaker.Ssr", "src\RegexMaker.Ssr\RegexMaker.Ssr.csproj", "{0C06EB66-5B9D-4810-A83D-03CA5D5DC7A0}"
EndProject
Project("{FAE04EC0-301F-11D3-BF4B-00C04F79EFBC}") = "RegexMaker.Wasm", "src\RegexMaker.Wasm\RegexMaker.Wasm.csproj", "{FAA823DF-4226-47E8-ADD4-28DBEF50D283}"
EndProject
Project("{FAE04EC0-301F-11D3-BF4B-00C04F79EFBC}") = "RegexMaker.Core", "src\RegexMaker.Core\RegexMaker.Core.csproj", "{C287B46B-8103-4C7C-A9AA-B79C2413DEEA}"
EndProject
Global
	GlobalSection(SolutionConfigurationPlatforms) = preSolution
		Debug|Any CPU = Debug|Any CPU
		Release|Any CPU = Release|Any CPU
	EndGlobalSection
	GlobalSection(ProjectConfigurationPlatforms) = postSolution
		{0C06EB66-5B9D-4810-A83D-03CA5D5DC7A0}.Debug|Any CPU.ActiveCfg = Debug|Any CPU
		{0C06EB66-5B9D-4810-A83D-03CA5D5DC7A0}.Debug|Any CPU.Build.0 = Debug|Any CPU
		{0C06EB66-5B9D-4810-A83D-03CA5D5DC7A0}.Release|Any CPU.ActiveCfg = Release|Any CPU
		{0C06EB66-5B9D-4810-A83D-03CA5D5DC7A0}.Release|Any CPU.Build.0 = Release|Any CPU
		{FAA823DF-4226-47E8-ADD4-28DBEF50D283}.Debug|Any CPU.ActiveCfg = Debug|Any CPU
		{FAA823DF-4226-47E8-ADD4-28DBEF50D283}.Debug|Any CPU.Build.0 = Debug|Any CPU
		{FAA823DF-4226-47E8-ADD4-28DBEF50D283}.Release|Any CPU.ActiveCfg = Release|Any CPU
		{FAA823DF-4226-47E8-ADD4-28DBEF50D283}.Release|Any CPU.Build.0 = Release|Any CPU
		{C287B46B-8103-4C7C-A9AA-B79C2413DEEA}.Debug|Any CPU.ActiveCfg = Debug|Any CPU
		{C287B46B-8103-4C7C-A9AA-B79C2413DEEA}.Debug|Any CPU.Build.0 = Debug|Any CPU
		{C287B46B-8103-4C7C-A9AA-B79C2413DEEA}.Release|Any CPU.ActiveCfg = Release|Any CPU
		{C287B46B-8103-4C7C-A9AA-B79C2413DEEA}.Release|Any CPU.Build.0 = Release|Any CPU
	EndGlobalSection
EndGlobal
